{
  "object": {
    "pins": [
      {
        "package": "SecureAggregationCore",
        "repositoryURL": "ssh://git@bitbucket.ase.in.tum.de:7999/mk/secureaggregationcore.git",
        "state": {
          "branch": "master",
          "revision": "26fd0cc87a13c8733a1685fc68b1a4bf9aa7cfbb",
          "version": null
        }
      }
    ]
  },
  "version": 1
}
